
Microsoft Visual Studio Solution File, Format Version 12.00
# Visual Studio Version 17
VisualStudioVersion = 17.2.32630.192
MinimumVisualStudioVersion = 10.0.40219.1
Project("{2150E333-8FDC-42A3-9474-1A3956D46DE8}") = "Deploy", "Deploy", "{F0011463-6B96-4B74-AE04-FB6AA084A1C2}"
	ProjectSection(SolutionItems) = preProject
		Deploy\A.txt = Deploy\A.txt
	EndProjectSection
EndProject
Project("{2150E333-8FDC-42A3-9474-1A3956D46DE8}") = "Source", "Source", "{719416B4-8B2C-4ADC-B202-89F1792D1D66}"
EndProject
Project("{2150E333-8FDC-42A3-9474-1A3956D46DE8}") = "Solution Items", "Solution Items", "{72DFA038-9A62-4AF4-8C73-1556ABB22D9C}"
	ProjectSection(SolutionItems) = preProject
		.gitignore = .gitignore
		LICENSE = LICENSE
		README.md = README.md
	EndProjectSection
EndProject
Project("{9A19103F-16F7-4668-BE54-9A1E7A4F7556}") = "IdentityServer.API", "Source\IdentityServer.API\IdentityServer.API.csproj", "{F23CB4B3-182F-46CA-BFD0-C46723B75263}"
EndProject
Global
	GlobalSection(SolutionConfigurationPlatforms) = preSolution
		Debug|Any CPU = Debug|Any CPU
		Release|Any CPU = Release|Any CPU
	EndGlobalSection
	GlobalSection(ProjectConfigurationPlatforms) = postSolution
		{F23CB4B3-182F-46CA-BFD0-C46723B75263}.Debug|Any CPU.ActiveCfg = Debug|Any CPU
		{F23CB4B3-182F-46CA-BFD0-C46723B75263}.Debug|Any CPU.Build.0 = Debug|Any CPU
		{F23CB4B3-182F-46CA-BFD0-C46723B75263}.Release|Any CPU.ActiveCfg = Release|Any CPU
		{F23CB4B3-182F-46CA-BFD0-C46723B75263}.Release|Any CPU.Build.0 = Release|Any CPU
	EndGlobalSection
	GlobalSection(SolutionProperties) = preSolution
		HideSolutionNode = FALSE
	EndGlobalSection
	GlobalSection(NestedProjects) = preSolution
		{F23CB4B3-182F-46CA-BFD0-C46723B75263} = {719416B4-8B2C-4ADC-B202-89F1792D1D66}
	EndGlobalSection
	GlobalSection(ExtensibilityGlobals) = postSolution
		SolutionGuid = {8FEB3920-3F7A-4EA7-8A4E-08A31A1CFD97}
	EndGlobalSection
EndGlobal
