
Microsoft Visual Studio Solution File, Format Version 12.00
# Visual Studio Version 17
VisualStudioVersion = 17.2.32630.192
MinimumVisualStudioVersion = 10.0.40219.1
Project("{2150E333-8FDC-42A3-9474-1A3956D46DE8}") = "Deploy", "Deploy", "{F0011463-6B96-4B74-AE04-FB6AA084A1C2}"
	ProjectSection(SolutionItems) = preProject
		Deploy\A.txt = Deploy\A.txt
	EndProjectSection
EndProject
Project("{2150E333-8FDC-42A3-9474-1A3956D46DE8}") = "Source", "Source", "{719416B4-8B2C-4ADC-B202-89F1792D1D66}"
EndProject
Project("{2150E333-8FDC-42A3-9474-1A3956D46DE8}") = "Solution Items", "Solution Items", "{72DFA038-9A62-4AF4-8C73-1556ABB22D9C}"
	ProjectSection(SolutionItems) = preProject
		.gitignore = .gitignore
		Config.cs.txt = Config.cs.txt
		LICENSE = LICENSE
		README.md = README.md
	EndProjectSection
EndProject
Project("{2150E333-8FDC-42A3-9474-1A3956D46DE8}") = "Tests", "Tests", "{D6AEC174-C379-4B9A-A92E-67E676020634}"
EndProject
Project("{9A19103F-16F7-4668-BE54-9A1E7A4F7556}") = "UseIden.DemoAPI", "Tests\UseIden.DemoAPI\UseIden.DemoAPI.csproj", "{2D174A39-DC7B-45AF-AE2F-E465EF4846D5}"
EndProject
Project("{9A19103F-16F7-4668-BE54-9A1E7A4F7556}") = "UseIden.DemoAPIClient", "Tests\UseIden.DemoAPIClient\UseIden.DemoAPIClient.csproj", "{B16DAB29-3E13-4080-9982-66FA2BDD3A10}"
EndProject
Project("{9A19103F-16F7-4668-BE54-9A1E7A4F7556}") = "UseIden.DemoWeb", "Tests\UseIden.DemoWeb\UseIden.DemoWeb.csproj", "{4998C599-33AD-477E-A1D2-C71B67E2FB05}"
EndProject
Project("{2150E333-8FDC-42A3-9474-1A3956D46DE8}") = "Scripts", "Scripts", "{FABE801A-89E1-4D47-ACD5-DA6771DE2846}"
	ProjectSection(SolutionItems) = preProject
		Scripts\A.txt = Scripts\A.txt
	EndProjectSection
EndProject
Project("{2150E333-8FDC-42A3-9474-1A3956D46DE8}") = "Documentation", "Documentation", "{A51F1BDB-5D4D-45B8-8599-1F67C8EBBA84}"
EndProject
Project("{2150E333-8FDC-42A3-9474-1A3956D46DE8}") = "Images", "Images", "{3635B738-5A9D-4121-9F3E-B857123368A4}"
	ProjectSection(SolutionItems) = preProject
		Documentation\Images\Access_Token_Retrieval.PNG = Documentation\Images\Access_Token_Retrieval.PNG
		Documentation\Images\Claims_1.PNG = Documentation\Images\Claims_1.PNG
		Documentation\Images\OIDC_WebClient.PNG = Documentation\Images\OIDC_WebClient.PNG
		Documentation\Images\Openid_Configuration.PNG = Documentation\Images\Openid_Configuration.PNG
		Documentation\Images\SQLServerInDockerContainer.PNG = Documentation\Images\SQLServerInDockerContainer.PNG
	EndProjectSection
EndProject
Project("{E53339B2-1760-4266-BCC7-CA923CBCF16C}") = "docker-compose", "docker-compose.dcproj", "{DD8FA29B-A435-49A6-9335-9A29420DCC25}"
EndProject
Project("{9A19103F-16F7-4668-BE54-9A1E7A4F7556}") = "Identity.API", "Source\Identity.API\Identity.API.csproj", "{00FE3E35-AB93-433D-8F61-A812E5949203}"
EndProject
Project("{9A19103F-16F7-4668-BE54-9A1E7A4F7556}") = "JSClientWith.BFFDemo", "Tests\JSClientWith.BFFDemo\JSClientWith.BFFDemo.csproj", "{00E07E51-1801-4DD7-A858-BC4561385F3B}"
EndProject
Global
	GlobalSection(SolutionConfigurationPlatforms) = preSolution
		Debug|Any CPU = Debug|Any CPU
		Release|Any CPU = Release|Any CPU
	EndGlobalSection
	GlobalSection(ProjectConfigurationPlatforms) = postSolution
		{2D174A39-DC7B-45AF-AE2F-E465EF4846D5}.Debug|Any CPU.ActiveCfg = Debug|Any CPU
		{2D174A39-DC7B-45AF-AE2F-E465EF4846D5}.Debug|Any CPU.Build.0 = Debug|Any CPU
		{2D174A39-DC7B-45AF-AE2F-E465EF4846D5}.Release|Any CPU.ActiveCfg = Release|Any CPU
		{2D174A39-DC7B-45AF-AE2F-E465EF4846D5}.Release|Any CPU.Build.0 = Release|Any CPU
		{B16DAB29-3E13-4080-9982-66FA2BDD3A10}.Debug|Any CPU.ActiveCfg = Debug|Any CPU
		{B16DAB29-3E13-4080-9982-66FA2BDD3A10}.Debug|Any CPU.Build.0 = Debug|Any CPU
		{B16DAB29-3E13-4080-9982-66FA2BDD3A10}.Release|Any CPU.ActiveCfg = Release|Any CPU
		{B16DAB29-3E13-4080-9982-66FA2BDD3A10}.Release|Any CPU.Build.0 = Release|Any CPU
		{4998C599-33AD-477E-A1D2-C71B67E2FB05}.Debug|Any CPU.ActiveCfg = Debug|Any CPU
		{4998C599-33AD-477E-A1D2-C71B67E2FB05}.Debug|Any CPU.Build.0 = Debug|Any CPU
		{4998C599-33AD-477E-A1D2-C71B67E2FB05}.Release|Any CPU.ActiveCfg = Release|Any CPU
		{4998C599-33AD-477E-A1D2-C71B67E2FB05}.Release|Any CPU.Build.0 = Release|Any CPU
		{DD8FA29B-A435-49A6-9335-9A29420DCC25}.Debug|Any CPU.ActiveCfg = Debug|Any CPU
		{DD8FA29B-A435-49A6-9335-9A29420DCC25}.Debug|Any CPU.Build.0 = Debug|Any CPU
		{DD8FA29B-A435-49A6-9335-9A29420DCC25}.Release|Any CPU.ActiveCfg = Release|Any CPU
		{DD8FA29B-A435-49A6-9335-9A29420DCC25}.Release|Any CPU.Build.0 = Release|Any CPU
		{00FE3E35-AB93-433D-8F61-A812E5949203}.Debug|Any CPU.ActiveCfg = Debug|Any CPU
		{00FE3E35-AB93-433D-8F61-A812E5949203}.Debug|Any CPU.Build.0 = Debug|Any CPU
		{00FE3E35-AB93-433D-8F61-A812E5949203}.Release|Any CPU.ActiveCfg = Release|Any CPU
		{00FE3E35-AB93-433D-8F61-A812E5949203}.Release|Any CPU.Build.0 = Release|Any CPU
		{00E07E51-1801-4DD7-A858-BC4561385F3B}.Debug|Any CPU.ActiveCfg = Debug|Any CPU
		{00E07E51-1801-4DD7-A858-BC4561385F3B}.Debug|Any CPU.Build.0 = Debug|Any CPU
		{00E07E51-1801-4DD7-A858-BC4561385F3B}.Release|Any CPU.ActiveCfg = Release|Any CPU
		{00E07E51-1801-4DD7-A858-BC4561385F3B}.Release|Any CPU.Build.0 = Release|Any CPU
	EndGlobalSection
	GlobalSection(SolutionProperties) = preSolution
		HideSolutionNode = FALSE
	EndGlobalSection
	GlobalSection(NestedProjects) = preSolution
		{2D174A39-DC7B-45AF-AE2F-E465EF4846D5} = {D6AEC174-C379-4B9A-A92E-67E676020634}
		{B16DAB29-3E13-4080-9982-66FA2BDD3A10} = {D6AEC174-C379-4B9A-A92E-67E676020634}
		{4998C599-33AD-477E-A1D2-C71B67E2FB05} = {D6AEC174-C379-4B9A-A92E-67E676020634}
		{3635B738-5A9D-4121-9F3E-B857123368A4} = {A51F1BDB-5D4D-45B8-8599-1F67C8EBBA84}
		{00FE3E35-AB93-433D-8F61-A812E5949203} = {719416B4-8B2C-4ADC-B202-89F1792D1D66}
		{00E07E51-1801-4DD7-A858-BC4561385F3B} = {D6AEC174-C379-4B9A-A92E-67E676020634}
	EndGlobalSection
	GlobalSection(ExtensibilityGlobals) = postSolution
		SolutionGuid = {8FEB3920-3F7A-4EA7-8A4E-08A31A1CFD97}
	EndGlobalSection
EndGlobal
